
Microsoft Visual Studio Solution File, Format Version 12.00
# Visual Studio Version 17
VisualStudioVersion = 17.2.32602.215
MinimumVisualStudioVersion = 10.0.40219.1
Project("{FAE04EC0-301F-11D3-BF4B-00C04F79EFBC}") = "VueWeatherForecast", "VueWeatherForecast\VueWeatherForecast.csproj", "{F47406F9-11BC-4B44-857A-F767DFA23E73}"
EndProject
Global
	GlobalSection(SolutionConfigurationPlatforms) = preSolution
		Debug|Any CPU = Debug|Any CPU
		Release|Any CPU = Release|Any CPU
	EndGlobalSection
	GlobalSection(ProjectConfigurationPlatforms) = postSolution
		{F47406F9-11BC-4B44-857A-F767DFA23E73}.Debug|Any CPU.ActiveCfg = Debug|Any CPU
		{F47406F9-11BC-4B44-857A-F767DFA23E73}.Debug|Any CPU.Build.0 = Debug|Any CPU
		{F47406F9-11BC-4B44-857A-F767DFA23E73}.Release|Any CPU.ActiveCfg = Release|Any CPU
		{F47406F9-11BC-4B44-857A-F767DFA23E73}.Release|Any CPU.Build.0 = Release|Any CPU
	EndGlobalSection
	GlobalSection(SolutionProperties) = preSolution
		HideSolutionNode = FALSE
	EndGlobalSection
	GlobalSection(ExtensibilityGlobals) = postSolution
		SolutionGuid = {8A87ABBD-A35D-486C-B75F-EF654D1B081F}
	EndGlobalSection
EndGlobal
